// !$*UTF8*$!
{
	archiveVersion = 1;
	classes = {
	};
	objectVersion = 60;
	objects = {

/* Begin PBXBuildFile section */
		8E24DBEA2B5686E800573E2D /* Kingfisher in Frameworks */ = {isa = PBXBuildFile; productRef = 8E24DBE92B5686E800573E2D /* Kingfisher */; };
		8E24DBEC2B568A2400573E2D /* BeerViewController.swift in Sources */ = {isa = PBXBuildFile; fileRef = 8E24DBEB2B568A2400573E2D /* BeerViewController.swift */; };
		8E24DBEF2B568AFD00573E2D /* BeerTableViewCell.swift in Sources */ = {isa = PBXBuildFile; fileRef = 8E24DBED2B568AFD00573E2D /* BeerTableViewCell.swift */; };
		8E24DBF02B568AFD00573E2D /* BeerTableViewCell.xib in Resources */ = {isa = PBXBuildFile; fileRef = 8E24DBEE2B568AFD00573E2D /* BeerTableViewCell.xib */; };
		8E24DBF22B568DFA00573E2D /* BeerModel.swift in Sources */ = {isa = PBXBuildFile; fileRef = 8E24DBF12B568DFA00573E2D /* BeerModel.swift */; };
		8E24DBF32B5690E100573E2D /* LaunchScreen.storyboard in Resources */ = {isa = PBXBuildFile; fileRef = 8E670C252B5667D4008DFB3E /* LaunchScreen.storyboard */; };
		8E24DBF42B5690F000573E2D /* Beer.storyboard in Resources */ = {isa = PBXBuildFile; fileRef = 8E670C3F2B567C05008DFB3E /* Beer.storyboard */; };
		8E24DBF52B5690FE00573E2D /* Main.storyboard in Resources */ = {isa = PBXBuildFile; fileRef = 8E670C332B566964008DFB3E /* Main.storyboard */; };
		8E670C1B2B5667D2008DFB3E /* AppDelegate.swift in Sources */ = {isa = PBXBuildFile; fileRef = 8E670C1A2B5667D2008DFB3E /* AppDelegate.swift */; };
		8E670C1D2B5667D2008DFB3E /* SceneDelegate.swift in Sources */ = {isa = PBXBuildFile; fileRef = 8E670C1C2B5667D2008DFB3E /* SceneDelegate.swift */; };
		8E670C1F2B5667D2008DFB3E /* ViewController.swift in Sources */ = {isa = PBXBuildFile; fileRef = 8E670C1E2B5667D2008DFB3E /* ViewController.swift */; };
		8E670C242B5667D4008DFB3E /* Assets.xcassets in Resources */ = {isa = PBXBuildFile; fileRef = 8E670C232B5667D4008DFB3E /* Assets.xcassets */; };
		8E670C302B566903008DFB3E /* Lotto.storyboard in Resources */ = {isa = PBXBuildFile; fileRef = 8E670C2F2B566903008DFB3E /* Lotto.storyboard */; };
		8E670C322B566914008DFB3E /* LottoViewController.swift in Sources */ = {isa = PBXBuildFile; fileRef = 8E670C312B566914008DFB3E /* LottoViewController.swift */; };
		8E670C372B566A66008DFB3E /* Alamofire in Frameworks */ = {isa = PBXBuildFile; productRef = 8E670C362B566A66008DFB3E /* Alamofire */; };
		8E670C392B566C4A008DFB3E /* LottoModel.swift in Sources */ = {isa = PBXBuildFile; fileRef = 8E670C382B566C4A008DFB3E /* LottoModel.swift */; };
		8E670C3D2B566CA1008DFB3E /* LottoAPIManager.swift in Sources */ = {isa = PBXBuildFile; fileRef = 8E670C3C2B566CA1008DFB3E /* LottoAPIManager.swift */; };
		8E670C422B567C12008DFB3E /* RecommendBeerViewController.swift in Sources */ = {isa = PBXBuildFile; fileRef = 8E670C412B567C12008DFB3E /* RecommendBeerViewController.swift */; };
/* End PBXBuildFile section */

/* Begin PBXFileReference section */
		8E24DBEB2B568A2400573E2D /* BeerViewController.swift */ = {isa = PBXFileReference; lastKnownFileType = sourcecode.swift; path = BeerViewController.swift; sourceTree = "<group>"; };
		8E24DBED2B568AFD00573E2D /* BeerTableViewCell.swift */ = {isa = PBXFileReference; lastKnownFileType = sourcecode.swift; path = BeerTableViewCell.swift; sourceTree = "<group>"; };
		8E24DBEE2B568AFD00573E2D /* BeerTableViewCell.xib */ = {isa = PBXFileReference; lastKnownFileType = file.xib; path = BeerTableViewCell.xib; sourceTree = "<group>"; };
		8E24DBF12B568DFA00573E2D /* BeerModel.swift */ = {isa = PBXFileReference; lastKnownFileType = sourcecode.swift; path = BeerModel.swift; sourceTree = "<group>"; };
		8E670C172B5667D2008DFB3E /* SeSac_Network.app */ = {isa = PBXFileReference; explicitFileType = wrapper.application; includeInIndex = 0; path = SeSac_Network.app; sourceTree = BUILT_PRODUCTS_DIR; };
		8E670C1A2B5667D2008DFB3E /* AppDelegate.swift */ = {isa = PBXFileReference; lastKnownFileType = sourcecode.swift; path = AppDelegate.swift; sourceTree = "<group>"; };
		8E670C1C2B5667D2008DFB3E /* SceneDelegate.swift */ = {isa = PBXFileReference; lastKnownFileType = sourcecode.swift; path = SceneDelegate.swift; sourceTree = "<group>"; };
		8E670C1E2B5667D2008DFB3E /* ViewController.swift */ = {isa = PBXFileReference; lastKnownFileType = sourcecode.swift; path = ViewController.swift; sourceTree = "<group>"; };
		8E670C232B5667D4008DFB3E /* Assets.xcassets */ = {isa = PBXFileReference; lastKnownFileType = folder.assetcatalog; path = Assets.xcassets; sourceTree = "<group>"; };
		8E670C262B5667D4008DFB3E /* Base */ = {isa = PBXFileReference; lastKnownFileType = file.storyboard; name = Base; path = Base.lproj/LaunchScreen.storyboard; sourceTree = "<group>"; };
		8E670C282B5667D4008DFB3E /* Info.plist */ = {isa = PBXFileReference; lastKnownFileType = text.plist.xml; path = Info.plist; sourceTree = "<group>"; };
		8E670C2F2B566903008DFB3E /* Lotto.storyboard */ = {isa = PBXFileReference; lastKnownFileType = file.storyboard; path = Lotto.storyboard; sourceTree = "<group>"; };
		8E670C312B566914008DFB3E /* LottoViewController.swift */ = {isa = PBXFileReference; lastKnownFileType = sourcecode.swift; path = LottoViewController.swift; sourceTree = "<group>"; };
		8E670C332B566964008DFB3E /* Main.storyboard */ = {isa = PBXFileReference; lastKnownFileType = file.storyboard; path = Main.storyboard; sourceTree = "<group>"; };
		8E670C382B566C4A008DFB3E /* LottoModel.swift */ = {isa = PBXFileReference; lastKnownFileType = sourcecode.swift; path = LottoModel.swift; sourceTree = "<group>"; };
		8E670C3C2B566CA1008DFB3E /* LottoAPIManager.swift */ = {isa = PBXFileReference; lastKnownFileType = sourcecode.swift; path = LottoAPIManager.swift; sourceTree = "<group>"; };
		8E670C3F2B567C05008DFB3E /* Beer.storyboard */ = {isa = PBXFileReference; lastKnownFileType = file.storyboard; path = Beer.storyboard; sourceTree = "<group>"; };
		8E670C412B567C12008DFB3E /* RecommendBeerViewController.swift */ = {isa = PBXFileReference; lastKnownFileType = sourcecode.swift; path = RecommendBeerViewController.swift; sourceTree = "<group>"; };
/* End PBXFileReference section */

/* Begin PBXFrameworksBuildPhase section */
		8E670C142B5667D2008DFB3E /* Frameworks */ = {
			isa = PBXFrameworksBuildPhase;
			buildActionMask = 2147483647;
			files = (
				8E24DBEA2B5686E800573E2D /* Kingfisher in Frameworks */,
				8E670C372B566A66008DFB3E /* Alamofire in Frameworks */,
			);
			runOnlyForDeploymentPostprocessing = 0;
		};
/* End PBXFrameworksBuildPhase section */

/* Begin PBXGroup section */
		8E670C0E2B5667D2008DFB3E = {
			isa = PBXGroup;
			children = (
				8E670C192B5667D2008DFB3E /* SeSac_Network */,
				8E670C182B5667D2008DFB3E /* Products */,
			);
			sourceTree = "<group>";
		};
		8E670C182B5667D2008DFB3E /* Products */ = {
			isa = PBXGroup;
			children = (
				8E670C172B5667D2008DFB3E /* SeSac_Network.app */,
			);
			name = Products;
			sourceTree = "<group>";
		};
		8E670C192B5667D2008DFB3E /* SeSac_Network */ = {
			isa = PBXGroup;
			children = (
				8E670C3E2B567BD2008DFB3E /* Beer */,
				8E670C2E2B5668B3008DFB3E /* Lotto */,
				8E670C1A2B5667D2008DFB3E /* AppDelegate.swift */,
				8E670C1C2B5667D2008DFB3E /* SceneDelegate.swift */,
				8E670C1E2B5667D2008DFB3E /* ViewController.swift */,
				8E670C332B566964008DFB3E /* Main.storyboard */,
				8E670C252B5667D4008DFB3E /* LaunchScreen.storyboard */,
				8E670C232B5667D4008DFB3E /* Assets.xcassets */,
				8E670C282B5667D4008DFB3E /* Info.plist */,
			);
			path = SeSac_Network;
			sourceTree = "<group>";
		};
		8E670C2E2B5668B3008DFB3E /* Lotto */ = {
			isa = PBXGroup;
			children = (
				8E670C2F2B566903008DFB3E /* Lotto.storyboard */,
				8E670C312B566914008DFB3E /* LottoViewController.swift */,
				8E670C382B566C4A008DFB3E /* LottoModel.swift */,
				8E670C3C2B566CA1008DFB3E /* LottoAPIManager.swift */,
			);
			path = Lotto;
			sourceTree = "<group>";
		};
		8E670C3E2B567BD2008DFB3E /* Beer */ = {
			isa = PBXGroup;
			children = (
				8E670C3F2B567C05008DFB3E /* Beer.storyboard */,
				8E670C412B567C12008DFB3E /* RecommendBeerViewController.swift */,
				8E24DBEB2B568A2400573E2D /* BeerViewController.swift */,
				8E24DBED2B568AFD00573E2D /* BeerTableViewCell.swift */,
				8E24DBEE2B568AFD00573E2D /* BeerTableViewCell.xib */,
				8E24DBF12B568DFA00573E2D /* BeerModel.swift */,
			);
			path = Beer;
			sourceTree = "<group>";
		};
/* End PBXGroup section */

/* Begin PBXNativeTarget section */
		8E670C162B5667D2008DFB3E /* SeSac_Network */ = {
			isa = PBXNativeTarget;
			buildConfigurationList = 8E670C2B2B5667D4008DFB3E /* Build configuration list for PBXNativeTarget "SeSac_Network" */;
			buildPhases = (
				8E670C132B5667D2008DFB3E /* Sources */,
				8E670C142B5667D2008DFB3E /* Frameworks */,
				8E670C152B5667D2008DFB3E /* Resources */,
			);
			buildRules = (
			);
			dependencies = (
			);
			name = SeSac_Network;
			packageProductDependencies = (
				8E670C362B566A66008DFB3E /* Alamofire */,
				8E24DBE92B5686E800573E2D /* Kingfisher */,
			);
			productName = SeSac_Network;
			productReference = 8E670C172B5667D2008DFB3E /* SeSac_Network.app */;
			productType = "com.apple.product-type.application";
		};
/* End PBXNativeTarget section */

/* Begin PBXProject section */
		8E670C0F2B5667D2008DFB3E /* Project object */ = {
			isa = PBXProject;
			attributes = {
				BuildIndependentTargetsInParallel = 1;
				LastSwiftUpdateCheck = 1510;
				LastUpgradeCheck = 1510;
				TargetAttributes = {
					8E670C162B5667D2008DFB3E = {
						CreatedOnToolsVersion = 15.1;
					};
				};
			};
			buildConfigurationList = 8E670C122B5667D2008DFB3E /* Build configuration list for PBXProject "SeSac_Network" */;
			compatibilityVersion = "Xcode 15.0";
			developmentRegion = en;
			hasScannedForEncodings = 0;
			knownRegions = (
				en,
				Base,
			);
			mainGroup = 8E670C0E2B5667D2008DFB3E;
			packageReferences = (
				8E670C352B566A66008DFB3E /* XCRemoteSwiftPackageReference "Alamofire" */,
				8E24DBE82B5686E800573E2D /* XCRemoteSwiftPackageReference "Kingfisher" */,
			);
			productRefGroup = 8E670C182B5667D2008DFB3E /* Products */;
			projectDirPath = "";
			projectRoot = "";
			targets = (
				8E670C162B5667D2008DFB3E /* SeSac_Network */,
			);
		};
/* End PBXProject section */

/* Begin PBXResourcesBuildPhase section */
		8E670C152B5667D2008DFB3E /* Resources */ = {
			isa = PBXResourcesBuildPhase;
			buildActionMask = 2147483647;
			files = (
				8E24DBF52B5690FE00573E2D /* Main.storyboard in Resources */,
				8E24DBF42B5690F000573E2D /* Beer.storyboard in Resources */,
				8E24DBF32B5690E100573E2D /* LaunchScreen.storyboard in Resources */,
				8E670C302B566903008DFB3E /* Lotto.storyboard in Resources */,
				8E24DBF02B568AFD00573E2D /* BeerTableViewCell.xib in Resources */,
				8E670C242B5667D4008DFB3E /* Assets.xcassets in Resources */,
			);
			runOnlyForDeploymentPostprocessing = 0;
		};
/* End PBXResourcesBuildPhase section */

/* Begin PBXSourcesBuildPhase section */
		8E670C132B5667D2008DFB3E /* Sources */ = {
			isa = PBXSourcesBuildPhase;
			buildActionMask = 2147483647;
			files = (
				8E24DBEC2B568A2400573E2D /* BeerViewController.swift in Sources */,
				8E24DBEF2B568AFD00573E2D /* BeerTableViewCell.swift in Sources */,
				8E670C392B566C4A008DFB3E /* LottoModel.swift in Sources */,
				8E24DBF22B568DFA00573E2D /* BeerModel.swift in Sources */,
				8E670C1F2B5667D2008DFB3E /* ViewController.swift in Sources */,
				8E670C322B566914008DFB3E /* LottoViewController.swift in Sources */,
				8E670C1B2B5667D2008DFB3E /* AppDelegate.swift in Sources */,
				8E670C422B567C12008DFB3E /* RecommendBeerViewController.swift in Sources */,
				8E670C1D2B5667D2008DFB3E /* SceneDelegate.swift in Sources */,
				8E670C3D2B566CA1008DFB3E /* LottoAPIManager.swift in Sources */,
			);
			runOnlyForDeploymentPostprocessing = 0;
		};
/* End PBXSourcesBuildPhase section */

/* Begin PBXVariantGroup section */
		8E670C252B5667D4008DFB3E /* LaunchScreen.storyboard */ = {
			isa = PBXVariantGroup;
			children = (
				8E670C262B5667D4008DFB3E /* Base */,
			);
			name = LaunchScreen.storyboard;
			sourceTree = "<group>";
		};
/* End PBXVariantGroup section */

/* Begin XCBuildConfiguration section */
		8E670C292B5667D4008DFB3E /* Debug */ = {
			isa = XCBuildConfiguration;
			buildSettings = {
				ALWAYS_SEARCH_USER_PATHS = NO;
				ASSETCATALOG_COMPILER_GENERATE_SWIFT_ASSET_SYMBOL_EXTENSIONS = YES;
				CLANG_ANALYZER_NONNULL = YES;
				CLANG_ANALYZER_NUMBER_OBJECT_CONVERSION = YES_AGGRESSIVE;
				CLANG_CXX_LANGUAGE_STANDARD = "gnu++20";
				CLANG_ENABLE_MODULES = YES;
				CLANG_ENABLE_OBJC_ARC = YES;
				CLANG_ENABLE_OBJC_WEAK = YES;
				CLANG_WARN_BLOCK_CAPTURE_AUTORELEASING = YES;
				CLANG_WARN_BOOL_CONVERSION = YES;
				CLANG_WARN_COMMA = YES;
				CLANG_WARN_CONSTANT_CONVERSION = YES;
				CLANG_WARN_DEPRECATED_OBJC_IMPLEMENTATIONS = YES;
				CLANG_WARN_DIRECT_OBJC_ISA_USAGE = YES_ERROR;
				CLANG_WARN_DOCUMENTATION_COMMENTS = YES;
				CLANG_WARN_EMPTY_BODY = YES;
				CLANG_WARN_ENUM_CONVERSION = YES;
				CLANG_WARN_INFINITE_RECURSION = YES;
				CLANG_WARN_INT_CONVERSION = YES;
				CLANG_WARN_NON_LITERAL_NULL_CONVERSION = YES;
				CLANG_WARN_OBJC_IMPLICIT_RETAIN_SELF = YES;
				CLANG_WARN_OBJC_LITERAL_CONVERSION = YES;
				CLANG_WARN_OBJC_ROOT_CLASS = YES_ERROR;
				CLANG_WARN_QUOTED_INCLUDE_IN_FRAMEWORK_HEADER = YES;
				CLANG_WARN_RANGE_LOOP_ANALYSIS = YES;
				CLANG_WARN_STRICT_PROTOTYPES = YES;
				CLANG_WARN_SUSPICIOUS_MOVE = YES;
				CLANG_WARN_UNGUARDED_AVAILABILITY = YES_AGGRESSIVE;
				CLANG_WARN_UNREACHABLE_CODE = YES;
				CLANG_WARN__DUPLICATE_METHOD_MATCH = YES;
				COPY_PHASE_STRIP = NO;
				DEBUG_INFORMATION_FORMAT = dwarf;
				ENABLE_STRICT_OBJC_MSGSEND = YES;
				ENABLE_TESTABILITY = YES;
				ENABLE_USER_SCRIPT_SANDBOXING = YES;
				GCC_C_LANGUAGE_STANDARD = gnu17;
				GCC_DYNAMIC_NO_PIC = NO;
				GCC_NO_COMMON_BLOCKS = YES;
				GCC_OPTIMIZATION_LEVEL = 0;
				GCC_PREPROCESSOR_DEFINITIONS = (
					"DEBUG=1",
					"$(inherited)",
				);
				GCC_WARN_64_TO_32_BIT_CONVERSION = YES;
				GCC_WARN_ABOUT_RETURN_TYPE = YES_ERROR;
				GCC_WARN_UNDECLARED_SELECTOR = YES;
				GCC_WARN_UNINITIALIZED_AUTOS = YES_AGGRESSIVE;
				GCC_WARN_UNUSED_FUNCTION = YES;
				GCC_WARN_UNUSED_VARIABLE = YES;
				IPHONEOS_DEPLOYMENT_TARGET = 17.0;
				LOCALIZATION_PREFERS_STRING_CATALOGS = YES;
				MTL_ENABLE_DEBUG_INFO = INCLUDE_SOURCE;
				MTL_FAST_MATH = YES;
				ONLY_ACTIVE_ARCH = YES;
				SDKROOT = iphoneos;
				SWIFT_ACTIVE_COMPILATION_CONDITIONS = "DEBUG $(inherited)";
				SWIFT_OPTIMIZATION_LEVEL = "-Onone";
			};
			name = Debug;
		};
		8E670C2A2B5667D4008DFB3E /* Release */ = {
			isa = XCBuildConfiguration;
			buildSettings = {
				ALWAYS_SEARCH_USER_PATHS = NO;
				ASSETCATALOG_COMPILER_GENERATE_SWIFT_ASSET_SYMBOL_EXTENSIONS = YES;
				CLANG_ANALYZER_NONNULL = YES;
				CLANG_ANALYZER_NUMBER_OBJECT_CONVERSION = YES_AGGRESSIVE;
				CLANG_CXX_LANGUAGE_STANDARD = "gnu++20";
				CLANG_ENABLE_MODULES = YES;
				CLANG_ENABLE_OBJC_ARC = YES;
				CLANG_ENABLE_OBJC_WEAK = YES;
				CLANG_WARN_BLOCK_CAPTURE_AUTORELEASING = YES;
				CLANG_WARN_BOOL_CONVERSION = YES;
				CLANG_WARN_COMMA = YES;
				CLANG_WARN_CONSTANT_CONVERSION = YES;
				CLANG_WARN_DEPRECATED_OBJC_IMPLEMENTATIONS = YES;
				CLANG_WARN_DIRECT_OBJC_ISA_USAGE = YES_ERROR;
				CLANG_WARN_DOCUMENTATION_COMMENTS = YES;
				CLANG_WARN_EMPTY_BODY = YES;
				CLANG_WARN_ENUM_CONVERSION = YES;
				CLANG_WARN_INFINITE_RECURSION = YES;
				CLANG_WARN_INT_CONVERSION = YES;
				CLANG_WARN_NON_LITERAL_NULL_CONVERSION = YES;
				CLANG_WARN_OBJC_IMPLICIT_RETAIN_SELF = YES;
				CLANG_WARN_OBJC_LITERAL_CONVERSION = YES;
				CLANG_WARN_OBJC_ROOT_CLASS = YES_ERROR;
				CLANG_WARN_QUOTED_INCLUDE_IN_FRAMEWORK_HEADER = YES;
				CLANG_WARN_RANGE_LOOP_ANALYSIS = YES;
				CLANG_WARN_STRICT_PROTOTYPES = YES;
				CLANG_WARN_SUSPICIOUS_MOVE = YES;
				CLANG_WARN_UNGUARDED_AVAILABILITY = YES_AGGRESSIVE;
				CLANG_WARN_UNREACHABLE_CODE = YES;
				CLANG_WARN__DUPLICATE_METHOD_MATCH = YES;
				COPY_PHASE_STRIP = NO;
				DEBUG_INFORMATION_FORMAT = "dwarf-with-dsym";
				ENABLE_NS_ASSERTIONS = NO;
				ENABLE_STRICT_OBJC_MSGSEND = YES;
				ENABLE_USER_SCRIPT_SANDBOXING = YES;
				GCC_C_LANGUAGE_STANDARD = gnu17;
				GCC_NO_COMMON_BLOCKS = YES;
				GCC_WARN_64_TO_32_BIT_CONVERSION = YES;
				GCC_WARN_ABOUT_RETURN_TYPE = YES_ERROR;
				GCC_WARN_UNDECLARED_SELECTOR = YES;
				GCC_WARN_UNINITIALIZED_AUTOS = YES_AGGRESSIVE;
				GCC_WARN_UNUSED_FUNCTION = YES;
				GCC_WARN_UNUSED_VARIABLE = YES;
				IPHONEOS_DEPLOYMENT_TARGET = 17.0;
				LOCALIZATION_PREFERS_STRING_CATALOGS = YES;
				MTL_ENABLE_DEBUG_INFO = NO;
				MTL_FAST_MATH = YES;
				SDKROOT = iphoneos;
				SWIFT_COMPILATION_MODE = wholemodule;
				VALIDATE_PRODUCT = YES;
			};
			name = Release;
		};
		8E670C2C2B5667D4008DFB3E /* Debug */ = {
			isa = XCBuildConfiguration;
			buildSettings = {
				ASSETCATALOG_COMPILER_APPICON_NAME = AppIcon;
				ASSETCATALOG_COMPILER_GLOBAL_ACCENT_COLOR_NAME = AccentColor;
				CODE_SIGN_STYLE = Automatic;
				CURRENT_PROJECT_VERSION = 1;
				DEVELOPMENT_TEAM = N63SBJ4UPF;
				GENERATE_INFOPLIST_FILE = YES;
				INFOPLIST_FILE = SeSac_Network/Info.plist;
				INFOPLIST_KEY_UIApplicationSupportsIndirectInputEvents = YES;
				INFOPLIST_KEY_UILaunchStoryboardName = LaunchScreen;
				INFOPLIST_KEY_UIMainStoryboardFile = Main;
				INFOPLIST_KEY_UISupportedInterfaceOrientations_iPad = "UIInterfaceOrientationPortrait UIInterfaceOrientationPortraitUpsideDown UIInterfaceOrientationLandscapeLeft UIInterfaceOrientationLandscapeRight";
				INFOPLIST_KEY_UISupportedInterfaceOrientations_iPhone = "UIInterfaceOrientationPortrait UIInterfaceOrientationLandscapeLeft UIInterfaceOrientationLandscapeRight";
				IPHONEOS_DEPLOYMENT_TARGET = 17.0;
				LD_RUNPATH_SEARCH_PATHS = (
					"$(inherited)",
					"@executable_path/Frameworks",
				);
				MARKETING_VERSION = 1.0;
				PRODUCT_BUNDLE_IDENTIFIER = "com.youngjoo.SeSac-Network";
				PRODUCT_NAME = "$(TARGET_NAME)";
				SUPPORTED_PLATFORMS = "iphoneos iphonesimulator";
				SUPPORTS_MACCATALYST = NO;
				SUPPORTS_MAC_DESIGNED_FOR_IPHONE_IPAD = NO;
				SWIFT_EMIT_LOC_STRINGS = YES;
				SWIFT_VERSION = 5.0;
				TARGETED_DEVICE_FAMILY = 1;
			};
			name = Debug;
		};
		8E670C2D2B5667D4008DFB3E /* Release */ = {
			isa = XCBuildConfiguration;
			buildSettings = {
				ASSETCATALOG_COMPILER_APPICON_NAME = AppIcon;
				ASSETCATALOG_COMPILER_GLOBAL_ACCENT_COLOR_NAME = AccentColor;
				CODE_SIGN_STYLE = Automatic;
				CURRENT_PROJECT_VERSION = 1;
				DEVELOPMENT_TEAM = N63SBJ4UPF;
				GENERATE_INFOPLIST_FILE = YES;
				INFOPLIST_FILE = SeSac_Network/Info.plist;
				INFOPLIST_KEY_UIApplicationSupportsIndirectInputEvents = YES;
				INFOPLIST_KEY_UILaunchStoryboardName = LaunchScreen;
				INFOPLIST_KEY_UIMainStoryboardFile = Main;
				INFOPLIST_KEY_UISupportedInterfaceOrientations_iPad = "UIInterfaceOrientationPortrait UIInterfaceOrientationPortraitUpsideDown UIInterfaceOrientationLandscapeLeft UIInterfaceOrientationLandscapeRight";
				INFOPLIST_KEY_UISupportedInterfaceOrientations_iPhone = "UIInterfaceOrientationPortrait UIInterfaceOrientationLandscapeLeft UIInterfaceOrientationLandscapeRight";
				IPHONEOS_DEPLOYMENT_TARGET = 17.0;
				LD_RUNPATH_SEARCH_PATHS = (
					"$(inherited)",
					"@executable_path/Frameworks",
				);
				MARKETING_VERSION = 1.0;
				PRODUCT_BUNDLE_IDENTIFIER = "com.youngjoo.SeSac-Network";
				PRODUCT_NAME = "$(TARGET_NAME)";
				SUPPORTED_PLATFORMS = "iphoneos iphonesimulator";
				SUPPORTS_MACCATALYST = NO;
				SUPPORTS_MAC_DESIGNED_FOR_IPHONE_IPAD = NO;
				SWIFT_EMIT_LOC_STRINGS = YES;
				SWIFT_VERSION = 5.0;
				TARGETED_DEVICE_FAMILY = 1;
			};
			name = Release;
		};
/* End XCBuildConfiguration section */

/* Begin XCConfigurationList section */
		8E670C122B5667D2008DFB3E /* Build configuration list for PBXProject "SeSac_Network" */ = {
			isa = XCConfigurationList;
			buildConfigurations = (
				8E670C292B5667D4008DFB3E /* Debug */,
				8E670C2A2B5667D4008DFB3E /* Release */,
			);
			defaultConfigurationIsVisible = 0;
			defaultConfigurationName = Release;
		};
		8E670C2B2B5667D4008DFB3E /* Build configuration list for PBXNativeTarget "SeSac_Network" */ = {
			isa = XCConfigurationList;
			buildConfigurations = (
				8E670C2C2B5667D4008DFB3E /* Debug */,
				8E670C2D2B5667D4008DFB3E /* Release */,
			);
			defaultConfigurationIsVisible = 0;
			defaultConfigurationName = Release;
		};
/* End XCConfigurationList section */

/* Begin XCRemoteSwiftPackageReference section */
		8E24DBE82B5686E800573E2D /* XCRemoteSwiftPackageReference "Kingfisher" */ = {
			isa = XCRemoteSwiftPackageReference;
			repositoryURL = "https://github.com/onevcat/Kingfisher.git";
			requirement = {
				kind = upToNextMajorVersion;
				minimumVersion = 7.10.2;
			};
		};
		8E670C352B566A66008DFB3E /* XCRemoteSwiftPackageReference "Alamofire" */ = {
			isa = XCRemoteSwiftPackageReference;
			repositoryURL = "https://github.com/Alamofire/Alamofire.git";
			requirement = {
				kind = upToNextMajorVersion;
				minimumVersion = 5.8.1;
			};
		};
/* End XCRemoteSwiftPackageReference section */

/* Begin XCSwiftPackageProductDependency section */
		8E24DBE92B5686E800573E2D /* Kingfisher */ = {
			isa = XCSwiftPackageProductDependency;
			package = 8E24DBE82B5686E800573E2D /* XCRemoteSwiftPackageReference "Kingfisher" */;
			productName = Kingfisher;
		};
		8E670C362B566A66008DFB3E /* Alamofire */ = {
			isa = XCSwiftPackageProductDependency;
			package = 8E670C352B566A66008DFB3E /* XCRemoteSwiftPackageReference "Alamofire" */;
			productName = Alamofire;
		};
/* End XCSwiftPackageProductDependency section */
	};
	rootObject = 8E670C0F2B5667D2008DFB3E /* Project object */;
}
